
Microsoft Visual Studio Solution File, Format Version 12.00
# Visual Studio 14
VisualStudioVersion = 14.0.25420.1
MinimumVisualStudioVersion = 10.0.40219.1
Project("{8BC9CEB8-8B4A-11D0-8D11-00A0C91BC942}") = "iTunesSupport", "iTunesSupport\iTunesSupport.vcxproj", "{C0D61689-BC42-43CF-9E05-1B5228E0BC77}"
	ProjectSection(ProjectDependencies) = postProject
		{560FFA07-2B9C-402C-8509-F411FD837ECB} = {560FFA07-2B9C-402C-8509-F411FD837ECB}
	EndProjectSection
EndProject
Project("{FAE04EC0-301F-11D3-BF4B-00C04F79EFBC}") = "iTunesSupportImpl", "iTunesSupportImpl\iTunesSupportImpl.csproj", "{560FFA07-2B9C-402C-8509-F411FD837ECB}"
EndProject
Project("{FAE04EC0-301F-11D3-BF4B-00C04F79EFBC}") = "iTunesSupportImplDebug", "iTunesSupportImplDebug\iTunesSupportImplDebug.csproj", "{02647965-6C11-4875-8C38-B25E3190E2C9}"
EndProject
Global
	GlobalSection(SolutionConfigurationPlatforms) = preSolution
		Debug|Any CPU = Debug|Any CPU
		Debug|x64 = Debug|x64
		Debug|x86 = Debug|x86
		Release|Any CPU = Release|Any CPU
		Release|x64 = Release|x64
		Release|x86 = Release|x86
	EndGlobalSection
	GlobalSection(ProjectConfigurationPlatforms) = postSolution
		{C0D61689-BC42-43CF-9E05-1B5228E0BC77}.Debug|Any CPU.ActiveCfg = Debug|Win32
		{C0D61689-BC42-43CF-9E05-1B5228E0BC77}.Debug|x64.ActiveCfg = Debug|x64
		{C0D61689-BC42-43CF-9E05-1B5228E0BC77}.Debug|x64.Build.0 = Debug|x64
		{C0D61689-BC42-43CF-9E05-1B5228E0BC77}.Debug|x86.ActiveCfg = Debug|Win32
		{C0D61689-BC42-43CF-9E05-1B5228E0BC77}.Debug|x86.Build.0 = Debug|Win32
		{C0D61689-BC42-43CF-9E05-1B5228E0BC77}.Release|Any CPU.ActiveCfg = Release|Win32
		{C0D61689-BC42-43CF-9E05-1B5228E0BC77}.Release|x64.ActiveCfg = Release|x64
		{C0D61689-BC42-43CF-9E05-1B5228E0BC77}.Release|x64.Build.0 = Release|x64
		{C0D61689-BC42-43CF-9E05-1B5228E0BC77}.Release|x86.ActiveCfg = Release|Win32
		{C0D61689-BC42-43CF-9E05-1B5228E0BC77}.Release|x86.Build.0 = Release|Win32
		{560FFA07-2B9C-402C-8509-F411FD837ECB}.Debug|Any CPU.ActiveCfg = Debug|Any CPU
		{560FFA07-2B9C-402C-8509-F411FD837ECB}.Debug|Any CPU.Build.0 = Debug|Any CPU
		{560FFA07-2B9C-402C-8509-F411FD837ECB}.Debug|x64.ActiveCfg = Debug|Any CPU
		{560FFA07-2B9C-402C-8509-F411FD837ECB}.Debug|x64.Build.0 = Debug|Any CPU
		{560FFA07-2B9C-402C-8509-F411FD837ECB}.Debug|x86.ActiveCfg = Debug|Any CPU
		{560FFA07-2B9C-402C-8509-F411FD837ECB}.Debug|x86.Build.0 = Debug|Any CPU
		{560FFA07-2B9C-402C-8509-F411FD837ECB}.Release|Any CPU.ActiveCfg = Release|Any CPU
		{560FFA07-2B9C-402C-8509-F411FD837ECB}.Release|Any CPU.Build.0 = Release|Any CPU
		{560FFA07-2B9C-402C-8509-F411FD837ECB}.Release|x64.ActiveCfg = Release|Any CPU
		{560FFA07-2B9C-402C-8509-F411FD837ECB}.Release|x64.Build.0 = Release|Any CPU
		{560FFA07-2B9C-402C-8509-F411FD837ECB}.Release|x86.ActiveCfg = Release|Any CPU
		{560FFA07-2B9C-402C-8509-F411FD837ECB}.Release|x86.Build.0 = Release|Any CPU
		{02647965-6C11-4875-8C38-B25E3190E2C9}.Debug|Any CPU.ActiveCfg = Debug|Any CPU
		{02647965-6C11-4875-8C38-B25E3190E2C9}.Debug|Any CPU.Build.0 = Debug|Any CPU
		{02647965-6C11-4875-8C38-B25E3190E2C9}.Debug|x64.ActiveCfg = Debug|Any CPU
		{02647965-6C11-4875-8C38-B25E3190E2C9}.Debug|x64.Build.0 = Debug|Any CPU
		{02647965-6C11-4875-8C38-B25E3190E2C9}.Debug|x86.ActiveCfg = Debug|Any CPU
		{02647965-6C11-4875-8C38-B25E3190E2C9}.Debug|x86.Build.0 = Debug|Any CPU
		{02647965-6C11-4875-8C38-B25E3190E2C9}.Release|Any CPU.ActiveCfg = Release|Any CPU
		{02647965-6C11-4875-8C38-B25E3190E2C9}.Release|Any CPU.Build.0 = Release|Any CPU
		{02647965-6C11-4875-8C38-B25E3190E2C9}.Release|x64.ActiveCfg = Release|Any CPU
		{02647965-6C11-4875-8C38-B25E3190E2C9}.Release|x64.Build.0 = Release|Any CPU
		{02647965-6C11-4875-8C38-B25E3190E2C9}.Release|x86.ActiveCfg = Release|Any CPU
		{02647965-6C11-4875-8C38-B25E3190E2C9}.Release|x86.Build.0 = Release|Any CPU
	EndGlobalSection
	GlobalSection(SolutionProperties) = preSolution
		HideSolutionNode = FALSE
	EndGlobalSection
EndGlobal
